
Microsoft Visual Studio Solution File, Format Version 12.00
# Visual Studio Version 17
VisualStudioVersion = 17.5.002.0
MinimumVisualStudioVersion = 10.0.40219.1
Project("{9A19103F-16F7-4668-BE54-9A1E7A4F7556}") = "static", "static\static.csproj", "{B5C9F966-B78E-4174-91E2-2845D9928227}"
EndProject
Global
	GlobalSection(SolutionConfigurationPlatforms) = preSolution
		Debug|Any CPU = Debug|Any CPU
		Release|Any CPU = Release|Any CPU
	EndGlobalSection
	GlobalSection(ProjectConfigurationPlatforms) = postSolution
		{B5C9F966-B78E-4174-91E2-2845D9928227}.Debug|Any CPU.ActiveCfg = Debug|Any CPU
		{B5C9F966-B78E-4174-91E2-2845D9928227}.Debug|Any CPU.Build.0 = Debug|Any CPU
		{B5C9F966-B78E-4174-91E2-2845D9928227}.Release|Any CPU.ActiveCfg = Release|Any CPU
		{B5C9F966-B78E-4174-91E2-2845D9928227}.Release|Any CPU.Build.0 = Release|Any CPU
	EndGlobalSection
	GlobalSection(SolutionProperties) = preSolution
		HideSolutionNode = FALSE
	EndGlobalSection
	GlobalSection(ExtensibilityGlobals) = postSolution
		SolutionGuid = {580827CB-B237-47C2-B535-0F900383150A}
	EndGlobalSection
EndGlobal
