
Microsoft Visual Studio Solution File, Format Version 12.00
# Visual Studio Version 17
VisualStudioVersion = 17.5.002.0
MinimumVisualStudioVersion = 10.0.40219.1
Project("{9A19103F-16F7-4668-BE54-9A1E7A4F7556}") = "static", "static.csproj", "{0128EFFF-0F86-4439-9F33-60FB923A0F0F}"
EndProject
Global
	GlobalSection(SolutionConfigurationPlatforms) = preSolution
		Debug|Any CPU = Debug|Any CPU
		Release|Any CPU = Release|Any CPU
	EndGlobalSection
	GlobalSection(ProjectConfigurationPlatforms) = postSolution
		{0128EFFF-0F86-4439-9F33-60FB923A0F0F}.Debug|Any CPU.ActiveCfg = Debug|Any CPU
		{0128EFFF-0F86-4439-9F33-60FB923A0F0F}.Debug|Any CPU.Build.0 = Debug|Any CPU
		{0128EFFF-0F86-4439-9F33-60FB923A0F0F}.Release|Any CPU.ActiveCfg = Release|Any CPU
		{0128EFFF-0F86-4439-9F33-60FB923A0F0F}.Release|Any CPU.Build.0 = Release|Any CPU
	EndGlobalSection
	GlobalSection(SolutionProperties) = preSolution
		HideSolutionNode = FALSE
	EndGlobalSection
	GlobalSection(ExtensibilityGlobals) = postSolution
		SolutionGuid = {FB00B520-0D59-468B-A672-37E01081BA6D}
	EndGlobalSection
EndGlobal
