
Microsoft Visual Studio Solution File, Format Version 12.00
# Visual Studio Version 17
VisualStudioVersion = 17.5.002.0
MinimumVisualStudioVersion = 10.0.40219.1
Project("{9A19103F-16F7-4668-BE54-9A1E7A4F7556}") = "api", "api.csproj", "{E791C23F-7462-48A0-9E17-B94DD9708675}"
EndProject
Global
	GlobalSection(SolutionConfigurationPlatforms) = preSolution
		Debug|Any CPU = Debug|Any CPU
		Release|Any CPU = Release|Any CPU
	EndGlobalSection
	GlobalSection(ProjectConfigurationPlatforms) = postSolution
		{E791C23F-7462-48A0-9E17-B94DD9708675}.Debug|Any CPU.ActiveCfg = Debug|Any CPU
		{E791C23F-7462-48A0-9E17-B94DD9708675}.Debug|Any CPU.Build.0 = Debug|Any CPU
		{E791C23F-7462-48A0-9E17-B94DD9708675}.Release|Any CPU.ActiveCfg = Release|Any CPU
		{E791C23F-7462-48A0-9E17-B94DD9708675}.Release|Any CPU.Build.0 = Release|Any CPU
	EndGlobalSection
	GlobalSection(SolutionProperties) = preSolution
		HideSolutionNode = FALSE
	EndGlobalSection
	GlobalSection(ExtensibilityGlobals) = postSolution
		SolutionGuid = {4E521DCC-E609-436B-AC4A-C66023C042F9}
	EndGlobalSection
EndGlobal
